
Microsoft Visual Studio Solution File, Format Version 12.00
# Visual Studio 15
VisualStudioVersion = 15.0.28307.168
MinimumVisualStudioVersion = 10.0.40219.1
Project("{FAE04EC0-301F-11D3-BF4B-00C04F79EFBC}") = "LinqSamples", "LinqSamples\LinqSamples.csproj", "{24BC3D7A-B640-4C39-82EA-E84E9FCB347E}"
EndProject
Global
	GlobalSection(SolutionConfigurationPlatforms) = preSolution
		Debug|Any CPU = Debug|Any CPU
		Release|Any CPU = Release|Any CPU
	EndGlobalSection
	GlobalSection(ProjectConfigurationPlatforms) = postSolution
		{24BC3D7A-B640-4C39-82EA-E84E9FCB347E}.Debug|Any CPU.ActiveCfg = Debug|Any CPU
		{24BC3D7A-B640-4C39-82EA-E84E9FCB347E}.Debug|Any CPU.Build.0 = Debug|Any CPU
		{24BC3D7A-B640-4C39-82EA-E84E9FCB347E}.Release|Any CPU.ActiveCfg = Release|Any CPU
		{24BC3D7A-B640-4C39-82EA-E84E9FCB347E}.Release|Any CPU.Build.0 = Release|Any CPU
	EndGlobalSection
	GlobalSection(SolutionProperties) = preSolution
		HideSolutionNode = FALSE
	EndGlobalSection
	GlobalSection(ExtensibilityGlobals) = postSolution
		SolutionGuid = {E701EA23-7013-410C-931A-A1A33E517686}
	EndGlobalSection
EndGlobal
